// !$*UTF8*$!
{
	archiveVersion = 1;
	classes = {
	};
	objectVersion = 46;
	objects = {

/* Begin PBXBuildFile section */
		7E056B0E19C70A7F0010F360 /* Earth.jpg in Resources */ = {isa = PBXBuildFile; fileRef = 7E056B0419C70A7F0010F360 /* Earth.jpg */; };
		7E056B0F19C70A7F0010F360 /* EinsteinRing.jpg in Resources */ = {isa = PBXBuildFile; fileRef = 7E056B0519C70A7F0010F360 /* EinsteinRing.jpg */; };
		7E056B1019C70A7F0010F360 /* Jupiter.jpg in Resources */ = {isa = PBXBuildFile; fileRef = 7E056B0619C70A7F0010F360 /* Jupiter.jpg */; };
		7E056B1119C70A7F0010F360 /* Mars.jpg in Resources */ = {isa = PBXBuildFile; fileRef = 7E056B0719C70A7F0010F360 /* Mars.jpg */; };
		7E056B1219C70A7F0010F360 /* Mercury.jpg in Resources */ = {isa = PBXBuildFile; fileRef = 7E056B0819C70A7F0010F360 /* Mercury.jpg */; };
		7E056B1319C70A7F0010F360 /* Neptune.jpg in Resources */ = {isa = PBXBuildFile; fileRef = 7E056B0919C70A7F0010F360 /* Neptune.jpg */; };
		7E056B1419C70A7F0010F360 /* Orion.jpg in Resources */ = {isa = PBXBuildFile; fileRef = 7E056B0A19C70A7F0010F360 /* Orion.jpg */; };
		7E056B1519C70A7F0010F360 /* Saturn.jpg in Resources */ = {isa = PBXBuildFile; fileRef = 7E056B0B19C70A7F0010F360 /* Saturn.jpg */; };
		7E056B1619C70A7F0010F360 /* Uranus.jpg in Resources */ = {isa = PBXBuildFile; fileRef = 7E056B0C19C70A7F0010F360 /* Uranus.jpg */; };
		7E056B1719C70A7F0010F360 /* Venus.jpg in Resources */ = {isa = PBXBuildFile; fileRef = 7E056B0D19C70A7F0010F360 /* Venus.jpg */; };
		7E056B1C19C70AD90010F360 /* OWSpaceObject.m in Sources */ = {isa = PBXBuildFile; fileRef = 7E056B1B19C70AD90010F360 /* OWSpaceObject.m */; };
		7E58CF7519C6DBFA00CB2419 /* Foundation.framework in Frameworks */ = {isa = PBXBuildFile; fileRef = 7E58CF7419C6DBFA00CB2419 /* Foundation.framework */; };
		7E58CF7719C6DBFA00CB2419 /* CoreGraphics.framework in Frameworks */ = {isa = PBXBuildFile; fileRef = 7E58CF7619C6DBFA00CB2419 /* CoreGraphics.framework */; };
		7E58CF7919C6DBFA00CB2419 /* UIKit.framework in Frameworks */ = {isa = PBXBuildFile; fileRef = 7E58CF7819C6DBFA00CB2419 /* UIKit.framework */; };
		7E58CF7F19C6DBFA00CB2419 /* InfoPlist.strings in Resources */ = {isa = PBXBuildFile; fileRef = 7E58CF7D19C6DBFA00CB2419 /* InfoPlist.strings */; };
		7E58CF8119C6DBFB00CB2419 /* main.m in Sources */ = {isa = PBXBuildFile; fileRef = 7E58CF8019C6DBFB00CB2419 /* main.m */; };
		7E58CF8519C6DBFB00CB2419 /* OWAppDelegate.m in Sources */ = {isa = PBXBuildFile; fileRef = 7E58CF8419C6DBFB00CB2419 /* OWAppDelegate.m */; };
		7E58CF8819C6DBFB00CB2419 /* Main.storyboard in Resources */ = {isa = PBXBuildFile; fileRef = 7E58CF8619C6DBFB00CB2419 /* Main.storyboard */; };
		7E58CF8D19C6DBFB00CB2419 /* Images.xcassets in Resources */ = {isa = PBXBuildFile; fileRef = 7E58CF8C19C6DBFB00CB2419 /* Images.xcassets */; };
		7E58CF9419C6DBFB00CB2419 /* XCTest.framework in Frameworks */ = {isa = PBXBuildFile; fileRef = 7E58CF9319C6DBFB00CB2419 /* XCTest.framework */; };
		7E58CF9519C6DBFB00CB2419 /* Foundation.framework in Frameworks */ = {isa = PBXBuildFile; fileRef = 7E58CF7419C6DBFA00CB2419 /* Foundation.framework */; };
		7E58CF9619C6DBFB00CB2419 /* UIKit.framework in Frameworks */ = {isa = PBXBuildFile; fileRef = 7E58CF7819C6DBFA00CB2419 /* UIKit.framework */; };
		7E58CF9E19C6DBFB00CB2419 /* InfoPlist.strings in Resources */ = {isa = PBXBuildFile; fileRef = 7E58CF9C19C6DBFB00CB2419 /* InfoPlist.strings */; };
		7E58CFA019C6DBFB00CB2419 /* Out_of_this_worldTests.m in Sources */ = {isa = PBXBuildFile; fileRef = 7E58CF9F19C6DBFB00CB2419 /* Out_of_this_worldTests.m */; };
		7E58CFAE19C6E56B00CB2419 /* AstronomicalData.m in Sources */ = {isa = PBXBuildFile; fileRef = 7E58CFAD19C6E56B00CB2419 /* AstronomicalData.m */; };
		7E58CFB119C706E900CB2419 /* OWMyTableViewController.m in Sources */ = {isa = PBXBuildFile; fileRef = 7E58CFB019C706E900CB2419 /* OWMyTableViewController.m */; };
/* End PBXBuildFile section */

/* Begin PBXContainerItemProxy section */
		7E58CF9719C6DBFB00CB2419 /* PBXContainerItemProxy */ = {
			isa = PBXContainerItemProxy;
			containerPortal = 7E58CF6919C6DBFA00CB2419 /* Project object */;
			proxyType = 1;
			remoteGlobalIDString = 7E58CF7019C6DBFA00CB2419;
			remoteInfo = "Out of this world";
		};
/* End PBXContainerItemProxy section */

/* Begin PBXFileReference section */
		7E056B0419C70A7F0010F360 /* Earth.jpg */ = {isa = PBXFileReference; lastKnownFileType = image.jpeg; path = Earth.jpg; sourceTree = "<group>"; };
		7E056B0519C70A7F0010F360 /* EinsteinRing.jpg */ = {isa = PBXFileReference; lastKnownFileType = image.jpeg; path = EinsteinRing.jpg; sourceTree = "<group>"; };
		7E056B0619C70A7F0010F360 /* Jupiter.jpg */ = {isa = PBXFileReference; lastKnownFileType = image.jpeg; path = Jupiter.jpg; sourceTree = "<group>"; };
		7E056B0719C70A7F0010F360 /* Mars.jpg */ = {isa = PBXFileReference; lastKnownFileType = image.jpeg; path = Mars.jpg; sourceTree = "<group>"; };
		7E056B0819C70A7F0010F360 /* Mercury.jpg */ = {isa = PBXFileReference; lastKnownFileType = image.jpeg; path = Mercury.jpg; sourceTree = "<group>"; };
		7E056B0919C70A7F0010F360 /* Neptune.jpg */ = {isa = PBXFileReference; lastKnownFileType = image.jpeg; path = Neptune.jpg; sourceTree = "<group>"; };
		7E056B0A19C70A7F0010F360 /* Orion.jpg */ = {isa = PBXFileReference; lastKnownFileType = image.jpeg; path = Orion.jpg; sourceTree = "<group>"; };
		7E056B0B19C70A7F0010F360 /* Saturn.jpg */ = {isa = PBXFileReference; lastKnownFileType = image.jpeg; path = Saturn.jpg; sourceTree = "<group>"; };
		7E056B0C19C70A7F0010F360 /* Uranus.jpg */ = {isa = PBXFileReference; lastKnownFileType = image.jpeg; path = Uranus.jpg; sourceTree = "<group>"; };
		7E056B0D19C70A7F0010F360 /* Venus.jpg */ = {isa = PBXFileReference; lastKnownFileType = image.jpeg; path = Venus.jpg; sourceTree = "<group>"; };
		7E056B1A19C70AD90010F360 /* OWSpaceObject.h */ = {isa = PBXFileReference; fileEncoding = 4; lastKnownFileType = sourcecode.c.h; path = OWSpaceObject.h; sourceTree = "<group>"; };
		7E056B1B19C70AD90010F360 /* OWSpaceObject.m */ = {isa = PBXFileReference; fileEncoding = 4; lastKnownFileType = sourcecode.c.objc; path = OWSpaceObject.m; sourceTree = "<group>"; };
		7E58CF7119C6DBFA00CB2419 /* Out of this world.app */ = {isa = PBXFileReference; explicitFileType = wrapper.application; includeInIndex = 0; path = "Out of this world.app"; sourceTree = BUILT_PRODUCTS_DIR; };
		7E58CF7419C6DBFA00CB2419 /* Foundation.framework */ = {isa = PBXFileReference; lastKnownFileType = wrapper.framework; name = Foundation.framework; path = System/Library/Frameworks/Foundation.framework; sourceTree = SDKROOT; };
		7E58CF7619C6DBFA00CB2419 /* CoreGraphics.framework */ = {isa = PBXFileReference; lastKnownFileType = wrapper.framework; name = CoreGraphics.framework; path = System/Library/Frameworks/CoreGraphics.framework; sourceTree = SDKROOT; };
		7E58CF7819C6DBFA00CB2419 /* UIKit.framework */ = {isa = PBXFileReference; lastKnownFileType = wrapper.framework; name = UIKit.framework; path = System/Library/Frameworks/UIKit.framework; sourceTree = SDKROOT; };
		7E58CF7C19C6DBFA00CB2419 /* Out of this world-Info.plist */ = {isa = PBXFileReference; lastKnownFileType = text.plist.xml; path = "Out of this world-Info.plist"; sourceTree = "<group>"; };
		7E58CF7E19C6DBFA00CB2419 /* en */ = {isa = PBXFileReference; lastKnownFileType = text.plist.strings; name = en; path = en.lproj/InfoPlist.strings; sourceTree = "<group>"; };
		7E58CF8019C6DBFB00CB2419 /* main.m */ = {isa = PBXFileReference; lastKnownFileType = sourcecode.c.objc; path = main.m; sourceTree = "<group>"; };
		7E58CF8219C6DBFB00CB2419 /* Out of this world-Prefix.pch */ = {isa = PBXFileReference; lastKnownFileType = sourcecode.c.h; path = "Out of this world-Prefix.pch"; sourceTree = "<group>"; };
		7E58CF8319C6DBFB00CB2419 /* OWAppDelegate.h */ = {isa = PBXFileReference; lastKnownFileType = sourcecode.c.h; path = OWAppDelegate.h; sourceTree = "<group>"; };
		7E58CF8419C6DBFB00CB2419 /* OWAppDelegate.m */ = {isa = PBXFileReference; lastKnownFileType = sourcecode.c.objc; path = OWAppDelegate.m; sourceTree = "<group>"; };
		7E58CF8719C6DBFB00CB2419 /* Base */ = {isa = PBXFileReference; lastKnownFileType = file.storyboard; name = Base; path = Base.lproj/Main.storyboard; sourceTree = "<group>"; };
		7E58CF8C19C6DBFB00CB2419 /* Images.xcassets */ = {isa = PBXFileReference; lastKnownFileType = folder.assetcatalog; path = Images.xcassets; sourceTree = "<group>"; };
		7E58CF9219C6DBFB00CB2419 /* Out of this worldTests.xctest */ = {isa = PBXFileReference; explicitFileType = wrapper.cfbundle; includeInIndex = 0; path = "Out of this worldTests.xctest"; sourceTree = BUILT_PRODUCTS_DIR; };
		7E58CF9319C6DBFB00CB2419 /* XCTest.framework */ = {isa = PBXFileReference; lastKnownFileType = wrapper.framework; name = XCTest.framework; path = Library/Frameworks/XCTest.framework; sourceTree = DEVELOPER_DIR; };
		7E58CF9B19C6DBFB00CB2419 /* Out of this worldTests-Info.plist */ = {isa = PBXFileReference; lastKnownFileType = text.plist.xml; path = "Out of this worldTests-Info.plist"; sourceTree = "<group>"; };
		7E58CF9D19C6DBFB00CB2419 /* en */ = {isa = PBXFileReference; lastKnownFileType = text.plist.strings; name = en; path = en.lproj/InfoPlist.strings; sourceTree = "<group>"; };
		7E58CF9F19C6DBFB00CB2419 /* Out_of_this_worldTests.m */ = {isa = PBXFileReference; lastKnownFileType = sourcecode.c.objc; path = Out_of_this_worldTests.m; sourceTree = "<group>"; };
		7E58CFAC19C6E56B00CB2419 /* AstronomicalData.h */ = {isa = PBXFileReference; fileEncoding = 4; lastKnownFileType = sourcecode.c.h; path = AstronomicalData.h; sourceTree = "<group>"; };
		7E58CFAD19C6E56B00CB2419 /* AstronomicalData.m */ = {isa = PBXFileReference; fileEncoding = 4; lastKnownFileType = sourcecode.c.objc; path = AstronomicalData.m; sourceTree = "<group>"; };
		7E58CFAF19C706E900CB2419 /* OWMyTableViewController.h */ = {isa = PBXFileReference; fileEncoding = 4; lastKnownFileType = sourcecode.c.h; path = OWMyTableViewController.h; sourceTree = "<group>"; };
		7E58CFB019C706E900CB2419 /* OWMyTableViewController.m */ = {isa = PBXFileReference; fileEncoding = 4; lastKnownFileType = sourcecode.c.objc; path = OWMyTableViewController.m; sourceTree = "<group>"; };
/* End PBXFileReference section */

/* Begin PBXFrameworksBuildPhase section */
		7E58CF6E19C6DBFA00CB2419 /* Frameworks */ = {
			isa = PBXFrameworksBuildPhase;
			buildActionMask = 2147483647;
			files = (
				7E58CF7719C6DBFA00CB2419 /* CoreGraphics.framework in Frameworks */,
				7E58CF7919C6DBFA00CB2419 /* UIKit.framework in Frameworks */,
				7E58CF7519C6DBFA00CB2419 /* Foundation.framework in Frameworks */,
			);
			runOnlyForDeploymentPostprocessing = 0;
		};
		7E58CF8F19C6DBFB00CB2419 /* Frameworks */ = {
			isa = PBXFrameworksBuildPhase;
			buildActionMask = 2147483647;
			files = (
				7E58CF9419C6DBFB00CB2419 /* XCTest.framework in Frameworks */,
				7E58CF9619C6DBFB00CB2419 /* UIKit.framework in Frameworks */,
				7E58CF9519C6DBFB00CB2419 /* Foundation.framework in Frameworks */,
			);
			runOnlyForDeploymentPostprocessing = 0;
		};
/* End PBXFrameworksBuildPhase section */

/* Begin PBXGroup section */
		7E056B1919C70A8D0010F360 /* PlanetPictures */ = {
			isa = PBXGroup;
			children = (
				7E056B0419C70A7F0010F360 /* Earth.jpg */,
				7E056B0519C70A7F0010F360 /* EinsteinRing.jpg */,
				7E056B0619C70A7F0010F360 /* Jupiter.jpg */,
				7E056B0719C70A7F0010F360 /* Mars.jpg */,
				7E056B0819C70A7F0010F360 /* Mercury.jpg */,
				7E056B0919C70A7F0010F360 /* Neptune.jpg */,
				7E056B0A19C70A7F0010F360 /* Orion.jpg */,
				7E056B0B19C70A7F0010F360 /* Saturn.jpg */,
				7E056B0C19C70A7F0010F360 /* Uranus.jpg */,
				7E056B0D19C70A7F0010F360 /* Venus.jpg */,
			);
			name = PlanetPictures;
			sourceTree = "<group>";
		};
		7E58CF6819C6DBFA00CB2419 = {
			isa = PBXGroup;
			children = (
				7E58CF7A19C6DBFA00CB2419 /* Out of this world */,
				7E58CF9919C6DBFB00CB2419 /* Out of this worldTests */,
				7E58CF7319C6DBFA00CB2419 /* Frameworks */,
				7E58CF7219C6DBFA00CB2419 /* Products */,
			);
			sourceTree = "<group>";
		};
		7E58CF7219C6DBFA00CB2419 /* Products */ = {
			isa = PBXGroup;
			children = (
				7E58CF7119C6DBFA00CB2419 /* Out of this world.app */,
				7E58CF9219C6DBFB00CB2419 /* Out of this worldTests.xctest */,
			);
			name = Products;
			sourceTree = "<group>";
		};
		7E58CF7319C6DBFA00CB2419 /* Frameworks */ = {
			isa = PBXGroup;
			children = (
				7E58CF7419C6DBFA00CB2419 /* Foundation.framework */,
				7E58CF7619C6DBFA00CB2419 /* CoreGraphics.framework */,
				7E58CF7819C6DBFA00CB2419 /* UIKit.framework */,
				7E58CF9319C6DBFB00CB2419 /* XCTest.framework */,
			);
			name = Frameworks;
			sourceTree = "<group>";
		};
		7E58CF7A19C6DBFA00CB2419 /* Out of this world */ = {
			isa = PBXGroup;
			children = (
				7E58CF8319C6DBFB00CB2419 /* OWAppDelegate.h */,
				7E58CF8419C6DBFB00CB2419 /* OWAppDelegate.m */,
				7E58CF8619C6DBFB00CB2419 /* Main.storyboard */,
				7E58CFAF19C706E900CB2419 /* OWMyTableViewController.h */,
				7E58CFB019C706E900CB2419 /* OWMyTableViewController.m */,
				7E056B1A19C70AD90010F360 /* OWSpaceObject.h */,
				7E056B1B19C70AD90010F360 /* OWSpaceObject.m */,
				7E58CF8C19C6DBFB00CB2419 /* Images.xcassets */,
				7E58CF7B19C6DBFA00CB2419 /* Supporting Files */,
			);
			path = "Out of this world";
			sourceTree = "<group>";
		};
		7E58CF7B19C6DBFA00CB2419 /* Supporting Files */ = {
			isa = PBXGroup;
			children = (
				7E056B1919C70A8D0010F360 /* PlanetPictures */,
				7E58CFAC19C6E56B00CB2419 /* AstronomicalData.h */,
				7E58CFAD19C6E56B00CB2419 /* AstronomicalData.m */,
				7E58CF7C19C6DBFA00CB2419 /* Out of this world-Info.plist */,
				7E58CF7D19C6DBFA00CB2419 /* InfoPlist.strings */,
				7E58CF8019C6DBFB00CB2419 /* main.m */,
				7E58CF8219C6DBFB00CB2419 /* Out of this world-Prefix.pch */,
			);
			name = "Supporting Files";
			sourceTree = "<group>";
		};
		7E58CF9919C6DBFB00CB2419 /* Out of this worldTests */ = {
			isa = PBXGroup;
			children = (
				7E58CF9F19C6DBFB00CB2419 /* Out_of_this_worldTests.m */,
				7E58CF9A19C6DBFB00CB2419 /* Supporting Files */,
			);
			path = "Out of this worldTests";
			sourceTree = "<group>";
		};
		7E58CF9A19C6DBFB00CB2419 /* Supporting Files */ = {
			isa = PBXGroup;
			children = (
				7E58CF9B19C6DBFB00CB2419 /* Out of this worldTests-Info.plist */,
				7E58CF9C19C6DBFB00CB2419 /* InfoPlist.strings */,
			);
			name = "Supporting Files";
			sourceTree = "<group>";
		};
/* End PBXGroup section */

/* Begin PBXNativeTarget section */
		7E58CF7019C6DBFA00CB2419 /* Out of this world */ = {
			isa = PBXNativeTarget;
			buildConfigurationList = 7E58CFA319C6DBFB00CB2419 /* Build configuration list for PBXNativeTarget "Out of this world" */;
			buildPhases = (
				7E58CF6D19C6DBFA00CB2419 /* Sources */,
				7E58CF6E19C6DBFA00CB2419 /* Frameworks */,
				7E58CF6F19C6DBFA00CB2419 /* Resources */,
			);
			buildRules = (
			);
			dependencies = (
			);
			name = "Out of this world";
			productName = "Out of this world";
			productReference = 7E58CF7119C6DBFA00CB2419 /* Out of this world.app */;
			productType = "com.apple.product-type.application";
		};
		7E58CF9119C6DBFB00CB2419 /* Out of this worldTests */ = {
			isa = PBXNativeTarget;
			buildConfigurationList = 7E58CFA619C6DBFB00CB2419 /* Build configuration list for PBXNativeTarget "Out of this worldTests" */;
			buildPhases = (
				7E58CF8E19C6DBFB00CB2419 /* Sources */,
				7E58CF8F19C6DBFB00CB2419 /* Frameworks */,
				7E58CF9019C6DBFB00CB2419 /* Resources */,
			);
			buildRules = (
			);
			dependencies = (
				7E58CF9819C6DBFB00CB2419 /* PBXTargetDependency */,
			);
			name = "Out of this worldTests";
			productName = "Out of this worldTests";
			productReference = 7E58CF9219C6DBFB00CB2419 /* Out of this worldTests.xctest */;
			productType = "com.apple.product-type.bundle.unit-test";
		};
/* End PBXNativeTarget section */

/* Begin PBXProject section */
		7E58CF6919C6DBFA00CB2419 /* Project object */ = {
			isa = PBXProject;
			attributes = {
				CLASSPREFIX = OW;
				LastUpgradeCheck = 0510;
				TargetAttributes = {
					7E58CF9119C6DBFB00CB2419 = {
						TestTargetID = 7E58CF7019C6DBFA00CB2419;
					};
				};
			};
			buildConfigurationList = 7E58CF6C19C6DBFA00CB2419 /* Build configuration list for PBXProject "Out of this world" */;
			compatibilityVersion = "Xcode 3.2";
			developmentRegion = English;
			hasScannedForEncodings = 0;
			knownRegions = (
				en,
				Base,
			);
			mainGroup = 7E58CF6819C6DBFA00CB2419;
			productRefGroup = 7E58CF7219C6DBFA00CB2419 /* Products */;
			projectDirPath = "";
			projectRoot = "";
			targets = (
				7E58CF7019C6DBFA00CB2419 /* Out of this world */,
				7E58CF9119C6DBFB00CB2419 /* Out of this worldTests */,
			);
		};
/* End PBXProject section */

/* Begin PBXResourcesBuildPhase section */
		7E58CF6F19C6DBFA00CB2419 /* Resources */ = {
			isa = PBXResourcesBuildPhase;
			buildActionMask = 2147483647;
			files = (
				7E056B0E19C70A7F0010F360 /* Earth.jpg in Resources */,
				7E056B1719C70A7F0010F360 /* Venus.jpg in Resources */,
				7E056B1219C70A7F0010F360 /* Mercury.jpg in Resources */,
				7E056B1519C70A7F0010F360 /* Saturn.jpg in Resources */,
				7E056B1619C70A7F0010F360 /* Uranus.jpg in Resources */,
				7E58CF8D19C6DBFB00CB2419 /* Images.xcassets in Resources */,
				7E056B1319C70A7F0010F360 /* Neptune.jpg in Resources */,
				7E056B1119C70A7F0010F360 /* Mars.jpg in Resources */,
				7E58CF7F19C6DBFA00CB2419 /* InfoPlist.strings in Resources */,
				7E58CF8819C6DBFB00CB2419 /* Main.storyboard in Resources */,
				7E056B0F19C70A7F0010F360 /* EinsteinRing.jpg in Resources */,
				7E056B1019C70A7F0010F360 /* Jupiter.jpg in Resources */,
				7E056B1419C70A7F0010F360 /* Orion.jpg in Resources */,
			);
			runOnlyForDeploymentPostprocessing = 0;
		};
		7E58CF9019C6DBFB00CB2419 /* Resources */ = {
			isa = PBXResourcesBuildPhase;
			buildActionMask = 2147483647;
			files = (
				7E58CF9E19C6DBFB00CB2419 /* InfoPlist.strings in Resources */,
			);
			runOnlyForDeploymentPostprocessing = 0;
		};
/* End PBXResourcesBuildPhase section */

/* Begin PBXSourcesBuildPhase section */
		7E58CF6D19C6DBFA00CB2419 /* Sources */ = {
			isa = PBXSourcesBuildPhase;
			buildActionMask = 2147483647;
			files = (
				7E58CF8519C6DBFB00CB2419 /* OWAppDelegate.m in Sources */,
				7E056B1C19C70AD90010F360 /* OWSpaceObject.m in Sources */,
				7E58CF8119C6DBFB00CB2419 /* main.m in Sources */,
				7E58CFAE19C6E56B00CB2419 /* AstronomicalData.m in Sources */,
				7E58CFB119C706E900CB2419 /* OWMyTableViewController.m in Sources */,
			);
			runOnlyForDeploymentPostprocessing = 0;
		};
		7E58CF8E19C6DBFB00CB2419 /* Sources */ = {
			isa = PBXSourcesBuildPhase;
			buildActionMask = 2147483647;
			files = (
				7E58CFA019C6DBFB00CB2419 /* Out_of_this_worldTests.m in Sources */,
			);
			runOnlyForDeploymentPostprocessing = 0;
		};
/* End PBXSourcesBuildPhase section */

/* Begin PBXTargetDependency section */
		7E58CF9819C6DBFB00CB2419 /* PBXTargetDependency */ = {
			isa = PBXTargetDependency;
			target = 7E58CF7019C6DBFA00CB2419 /* Out of this world */;
			targetProxy = 7E58CF9719C6DBFB00CB2419 /* PBXContainerItemProxy */;
		};
/* End PBXTargetDependency section */

/* Begin PBXVariantGroup section */
		7E58CF7D19C6DBFA00CB2419 /* InfoPlist.strings */ = {
			isa = PBXVariantGroup;
			children = (
				7E58CF7E19C6DBFA00CB2419 /* en */,
			);
			name = InfoPlist.strings;
			sourceTree = "<group>";
		};
		7E58CF8619C6DBFB00CB2419 /* Main.storyboard */ = {
			isa = PBXVariantGroup;
			children = (
				7E58CF8719C6DBFB00CB2419 /* Base */,
			);
			name = Main.storyboard;
			sourceTree = "<group>";
		};
		7E58CF9C19C6DBFB00CB2419 /* InfoPlist.strings */ = {
			isa = PBXVariantGroup;
			children = (
				7E58CF9D19C6DBFB00CB2419 /* en */,
			);
			name = InfoPlist.strings;
			sourceTree = "<group>";
		};
/* End PBXVariantGroup section */

/* Begin XCBuildConfiguration section */
		7E58CFA119C6DBFB00CB2419 /* Debug */ = {
			isa = XCBuildConfiguration;
			buildSettings = {
				ALWAYS_SEARCH_USER_PATHS = NO;
				CLANG_CXX_LANGUAGE_STANDARD = "gnu++0x";
				CLANG_CXX_LIBRARY = "libc++";
				CLANG_ENABLE_MODULES = YES;
				CLANG_ENABLE_OBJC_ARC = YES;
				CLANG_WARN_BOOL_CONVERSION = YES;
				CLANG_WARN_CONSTANT_CONVERSION = YES;
				CLANG_WARN_DIRECT_OBJC_ISA_USAGE = YES_ERROR;
				CLANG_WARN_EMPTY_BODY = YES;
				CLANG_WARN_ENUM_CONVERSION = YES;
				CLANG_WARN_INT_CONVERSION = YES;
				CLANG_WARN_OBJC_ROOT_CLASS = YES_ERROR;
				CLANG_WARN__DUPLICATE_METHOD_MATCH = YES;
				"CODE_SIGN_IDENTITY[sdk=iphoneos*]" = "iPhone Developer";
				COPY_PHASE_STRIP = NO;
				GCC_C_LANGUAGE_STANDARD = gnu99;
				GCC_DYNAMIC_NO_PIC = NO;
				GCC_OPTIMIZATION_LEVEL = 0;
				GCC_PREPROCESSOR_DEFINITIONS = (
					"DEBUG=1",
					"$(inherited)",
				);
				GCC_SYMBOLS_PRIVATE_EXTERN = NO;
				GCC_WARN_64_TO_32_BIT_CONVERSION = YES;
				GCC_WARN_ABOUT_RETURN_TYPE = YES_ERROR;
				GCC_WARN_UNDECLARED_SELECTOR = YES;
				GCC_WARN_UNINITIALIZED_AUTOS = YES_AGGRESSIVE;
				GCC_WARN_UNUSED_FUNCTION = YES;
				GCC_WARN_UNUSED_VARIABLE = YES;
				IPHONEOS_DEPLOYMENT_TARGET = 7.1;
				ONLY_ACTIVE_ARCH = YES;
				SDKROOT = iphoneos;
			};
			name = Debug;
		};
		7E58CFA219C6DBFB00CB2419 /* Release */ = {
			isa = XCBuildConfiguration;
			buildSettings = {
				ALWAYS_SEARCH_USER_PATHS = NO;
				CLANG_CXX_LANGUAGE_STANDARD = "gnu++0x";
				CLANG_CXX_LIBRARY = "libc++";
				CLANG_ENABLE_MODULES = YES;
				CLANG_ENABLE_OBJC_ARC = YES;
				CLANG_WARN_BOOL_CONVERSION = YES;
				CLANG_WARN_CONSTANT_CONVERSION = YES;
				CLANG_WARN_DIRECT_OBJC_ISA_USAGE = YES_ERROR;
				CLANG_WARN_EMPTY_BODY = YES;
				CLANG_WARN_ENUM_CONVERSION = YES;
				CLANG_WARN_INT_CONVERSION = YES;
				CLANG_WARN_OBJC_ROOT_CLASS = YES_ERROR;
				CLANG_WARN__DUPLICATE_METHOD_MATCH = YES;
				"CODE_SIGN_IDENTITY[sdk=iphoneos*]" = "iPhone Developer";
				COPY_PHASE_STRIP = YES;
				ENABLE_NS_ASSERTIONS = NO;
				GCC_C_LANGUAGE_STANDARD = gnu99;
				GCC_WARN_64_TO_32_BIT_CONVERSION = YES;
				GCC_WARN_ABOUT_RETURN_TYPE = YES_ERROR;
				GCC_WARN_UNDECLARED_SELECTOR = YES;
				GCC_WARN_UNINITIALIZED_AUTOS = YES_AGGRESSIVE;
				GCC_WARN_UNUSED_FUNCTION = YES;
				GCC_WARN_UNUSED_VARIABLE = YES;
				IPHONEOS_DEPLOYMENT_TARGET = 7.1;
				SDKROOT = iphoneos;
				VALIDATE_PRODUCT = YES;
			};
			name = Release;
		};
		7E58CFA419C6DBFB00CB2419 /* Debug */ = {
			isa = XCBuildConfiguration;
			buildSettings = {
				ASSETCATALOG_COMPILER_APPICON_NAME = AppIcon;
				ASSETCATALOG_COMPILER_LAUNCHIMAGE_NAME = LaunchImage;
				GCC_PRECOMPILE_PREFIX_HEADER = YES;
				GCC_PREFIX_HEADER = "Out of this world/Out of this world-Prefix.pch";
				INFOPLIST_FILE = "Out of this world/Out of this world-Info.plist";
				PRODUCT_NAME = "$(TARGET_NAME)";
				WRAPPER_EXTENSION = app;
			};
			name = Debug;
		};
		7E58CFA519C6DBFB00CB2419 /* Release */ = {
			isa = XCBuildConfiguration;
			buildSettings = {
				ASSETCATALOG_COMPILER_APPICON_NAME = AppIcon;
				ASSETCATALOG_COMPILER_LAUNCHIMAGE_NAME = LaunchImage;
				GCC_PRECOMPILE_PREFIX_HEADER = YES;
				GCC_PREFIX_HEADER = "Out of this world/Out of this world-Prefix.pch";
				INFOPLIST_FILE = "Out of this world/Out of this world-Info.plist";
				PRODUCT_NAME = "$(TARGET_NAME)";
				WRAPPER_EXTENSION = app;
			};
			name = Release;
		};
		7E58CFA719C6DBFB00CB2419 /* Debug */ = {
			isa = XCBuildConfiguration;
			buildSettings = {
				BUNDLE_LOADER = "$(BUILT_PRODUCTS_DIR)/Out of this world.app/Out of this world";
				FRAMEWORK_SEARCH_PATHS = (
					"$(SDKROOT)/Developer/Library/Frameworks",
					"$(inherited)",
					"$(DEVELOPER_FRAMEWORKS_DIR)",
				);
				GCC_PRECOMPILE_PREFIX_HEADER = YES;
				GCC_PREFIX_HEADER = "Out of this world/Out of this world-Prefix.pch";
				GCC_PREPROCESSOR_DEFINITIONS = (
					"DEBUG=1",
					"$(inherited)",
				);
				INFOPLIST_FILE = "Out of this worldTests/Out of this worldTests-Info.plist";
				PRODUCT_NAME = "$(TARGET_NAME)";
				TEST_HOST = "$(BUNDLE_LOADER)";
				WRAPPER_EXTENSION = xctest;
			};
			name = Debug;
		};
		7E58CFA819C6DBFB00CB2419 /* Release */ = {
			isa = XCBuildConfiguration;
			buildSettings = {
				BUNDLE_LOADER = "$(BUILT_PRODUCTS_DIR)/Out of this world.app/Out of this world";
				FRAMEWORK_SEARCH_PATHS = (
					"$(SDKROOT)/Developer/Library/Frameworks",
					"$(inherited)",
					"$(DEVELOPER_FRAMEWORKS_DIR)",
				);
				GCC_PRECOMPILE_PREFIX_HEADER = YES;
				GCC_PREFIX_HEADER = "Out of this world/Out of this world-Prefix.pch";
				INFOPLIST_FILE = "Out of this worldTests/Out of this worldTests-Info.plist";
				PRODUCT_NAME = "$(TARGET_NAME)";
				TEST_HOST = "$(BUNDLE_LOADER)";
				WRAPPER_EXTENSION = xctest;
			};
			name = Release;
		};
/* End XCBuildConfiguration section */

/* Begin XCConfigurationList section */
		7E58CF6C19C6DBFA00CB2419 /* Build configuration list for PBXProject "Out of this world" */ = {
			isa = XCConfigurationList;
			buildConfigurations = (
				7E58CFA119C6DBFB00CB2419 /* Debug */,
				7E58CFA219C6DBFB00CB2419 /* Release */,
			);
			defaultConfigurationIsVisible = 0;
			defaultConfigurationName = Release;
		};
		7E58CFA319C6DBFB00CB2419 /* Build configuration list for PBXNativeTarget "Out of this world" */ = {
			isa = XCConfigurationList;
			buildConfigurations = (
				7E58CFA419C6DBFB00CB2419 /* Debug */,
				7E58CFA519C6DBFB00CB2419 /* Release */,
			);
			defaultConfigurationIsVisible = 0;
			defaultConfigurationName = Release;
		};
		7E58CFA619C6DBFB00CB2419 /* Build configuration list for PBXNativeTarget "Out of this worldTests" */ = {
			isa = XCConfigurationList;
			buildConfigurations = (
				7E58CFA719C6DBFB00CB2419 /* Debug */,
				7E58CFA819C6DBFB00CB2419 /* Release */,
			);
			defaultConfigurationIsVisible = 0;
			defaultConfigurationName = Release;
		};
/* End XCConfigurationList section */
	};
	rootObject = 7E58CF6919C6DBFA00CB2419 /* Project object */;
}
